PODS:
  - Alamofire (5.5.0)
  - Kingfisher (7.4.1)
  - SnapKit (5.6.0)
  - SwiftLint (0.50.3)

DEPENDENCIES:
  - Alamofire
  - Kingfisher
  - SnapKit
  - SwiftLint

SPEC REPOS:
  trunk:
    - Alamofire
    - Kingfisher
    - SnapKit
    - SwiftLint

SPEC CHECKSUMS:
  Alamofire: 1c4fb5369c3fe93d2857c780d8bbe09f06f97e7c
  Kingfisher: cd762a593a61b2fbecf7645c00f9a801a3ebfc9c
  SnapKit: e01d52ebb8ddbc333eefe2132acf85c8227d9c25
  SwiftLint: 77f7cb2b9bb81ab4a12fcc86448ba3f11afa50c6

PODFILE CHECKSUM: 531d5726c551db003f8ba62762c1f796dc2ded87

COCOAPODS: 1.11.3
